
Microsoft Visual Studio Solution File, Format Version 12.00
# Visual Studio Version 16
VisualStudioVersion = 16.0.31624.102
MinimumVisualStudioVersion = 10.0.40219.1
Project("{FAE04EC0-301F-11D3-BF4B-00C04F79EFBC}") = "TextEditorWPF", "TextEditorWPF\TextEditorWPF.csproj", "{98E99798-2519-4AFC-B27C-0090E2EC178C}"
EndProject
Global
	GlobalSection(SolutionConfigurationPlatforms) = preSolution
		Debug|Any CPU = Debug|Any CPU
		Release|Any CPU = Release|Any CPU
	EndGlobalSection
	GlobalSection(ProjectConfigurationPlatforms) = postSolution
		{98E99798-2519-4AFC-B27C-0090E2EC178C}.Debug|Any CPU.ActiveCfg = Debug|Any CPU
		{98E99798-2519-4AFC-B27C-0090E2EC178C}.Debug|Any CPU.Build.0 = Debug|Any CPU
		{98E99798-2519-4AFC-B27C-0090E2EC178C}.Release|Any CPU.ActiveCfg = Release|Any CPU
		{98E99798-2519-4AFC-B27C-0090E2EC178C}.Release|Any CPU.Build.0 = Release|Any CPU
	EndGlobalSection
	GlobalSection(SolutionProperties) = preSolution
		HideSolutionNode = FALSE
	EndGlobalSection
	GlobalSection(ExtensibilityGlobals) = postSolution
		SolutionGuid = {A224C3C3-3FE7-4428-986F-9B3128747FF6}
	EndGlobalSection
EndGlobal
